
Microsoft Visual Studio Solution File, Format Version 12.00
# Visual Studio Version 17
VisualStudioVersion = 17.9.34728.123
MinimumVisualStudioVersion = 10.0.40219.1
Project("{FAE04EC0-301F-11D3-BF4B-00C04F79EFBC}") = "UpApi", "UpApi.csproj", "{1615383D-E990-478A-B60C-9CF0054D0670}"
EndProject
Global
	GlobalSection(SolutionConfigurationPlatforms) = preSolution
		Debug|Any CPU = Debug|Any CPU
		Release|Any CPU = Release|Any CPU
	EndGlobalSection
	GlobalSection(ProjectConfigurationPlatforms) = postSolution
		{1615383D-E990-478A-B60C-9CF0054D0670}.Debug|Any CPU.ActiveCfg = Debug|Any CPU
		{1615383D-E990-478A-B60C-9CF0054D0670}.Debug|Any CPU.Build.0 = Debug|Any CPU
		{1615383D-E990-478A-B60C-9CF0054D0670}.Release|Any CPU.ActiveCfg = Release|Any CPU
		{1615383D-E990-478A-B60C-9CF0054D0670}.Release|Any CPU.Build.0 = Release|Any CPU
	EndGlobalSection
	GlobalSection(SolutionProperties) = preSolution
		HideSolutionNode = FALSE
	EndGlobalSection
	GlobalSection(ExtensibilityGlobals) = postSolution
		SolutionGuid = {FF90EAF8-C283-4C39-8364-9FD37147D5AB}
	EndGlobalSection
EndGlobal
